
Microsoft Visual Studio Solution File, Format Version 12.00
# Visual Studio Version 17
VisualStudioVersion = 17.10.34928.147
MinimumVisualStudioVersion = 10.0.40219.1
Project("{FAE04EC0-301F-11D3-BF4B-00C04F79EFBC}") = "CrudTesteFinal Gerenciar alunos", "CrudTesteFinal Gerenciar alunos\CrudTesteFinal Gerenciar alunos.csproj", "{94F1AEA0-E993-4C79-B623-0DAC5B7E06E1}"
EndProject
Global
	GlobalSection(SolutionConfigurationPlatforms) = preSolution
		Debug|Any CPU = Debug|Any CPU
		Release|Any CPU = Release|Any CPU
	EndGlobalSection
	GlobalSection(ProjectConfigurationPlatforms) = postSolution
		{94F1AEA0-E993-4C79-B623-0DAC5B7E06E1}.Debug|Any CPU.ActiveCfg = Debug|Any CPU
		{94F1AEA0-E993-4C79-B623-0DAC5B7E06E1}.Debug|Any CPU.Build.0 = Debug|Any CPU
		{94F1AEA0-E993-4C79-B623-0DAC5B7E06E1}.Release|Any CPU.ActiveCfg = Release|Any CPU
		{94F1AEA0-E993-4C79-B623-0DAC5B7E06E1}.Release|Any CPU.Build.0 = Release|Any CPU
	EndGlobalSection
	GlobalSection(SolutionProperties) = preSolution
		HideSolutionNode = FALSE
	EndGlobalSection
	GlobalSection(ExtensibilityGlobals) = postSolution
		SolutionGuid = {2E2D0CFB-FC9A-41D8-916A-270EB67E2A2B}
	EndGlobalSection
EndGlobal
